// !$*UTF8*$!
{
	archiveVersion = 1;
	classes = {
	};
	objectVersion = 55;
	objects = {

/* Begin PBXBuildFile section */
		2BDCE813BC33C636FBFBCF8F /* Pods_NALS_TestTests.framework in Frameworks */ = {isa = PBXBuildFile; fileRef = D0C30480F75BB1672D781BBF /* Pods_NALS_TestTests.framework */; };
		A93087B6244B53E55363F691 /* Pods_NALS_Test.framework in Frameworks */ = {isa = PBXBuildFile; fileRef = B20002D87A9009E7F65EE1ED /* Pods_NALS_Test.framework */; };
		EA1D2A6C27BFB79800862B47 /* AppDelegate.swift in Sources */ = {isa = PBXBuildFile; fileRef = EA1D2A6B27BFB79800862B47 /* AppDelegate.swift */; };
		EA1D2A7527BFB79B00862B47 /* Assets.xcassets in Resources */ = {isa = PBXBuildFile; fileRef = EA1D2A7427BFB79B00862B47 /* Assets.xcassets */; };
		EA1D2A7827BFB79B00862B47 /* LaunchScreen.storyboard in Resources */ = {isa = PBXBuildFile; fileRef = EA1D2A7627BFB79B00862B47 /* LaunchScreen.storyboard */; };
		EA1D2A9F27BFB8E700862B47 /* UserListViewController.swift in Sources */ = {isa = PBXBuildFile; fileRef = EA1D2A9D27BFB8E700862B47 /* UserListViewController.swift */; };
		EA1D2AA027BFB8E700862B47 /* UserListViewController.xib in Resources */ = {isa = PBXBuildFile; fileRef = EA1D2A9E27BFB8E700862B47 /* UserListViewController.xib */; };
		EA1D2AA327BFB8F700862B47 /* UserProfileViewController.swift in Sources */ = {isa = PBXBuildFile; fileRef = EA1D2AA127BFB8F700862B47 /* UserProfileViewController.swift */; };
		EA1D2AA427BFB8F700862B47 /* UserProfileViewController.xib in Resources */ = {isa = PBXBuildFile; fileRef = EA1D2AA227BFB8F700862B47 /* UserProfileViewController.xib */; };
		EA1D2AA827BFC64F00862B47 /* UserListTableCell.swift in Sources */ = {isa = PBXBuildFile; fileRef = EA1D2AA627BFC64F00862B47 /* UserListTableCell.swift */; };
		EA1D2AA927BFC64F00862B47 /* UserListTableCell.xib in Resources */ = {isa = PBXBuildFile; fileRef = EA1D2AA727BFC64F00862B47 /* UserListTableCell.xib */; };
		EA1D2AAB27BFC91700862B47 /* UserListTableCellViewModel.swift in Sources */ = {isa = PBXBuildFile; fileRef = EA1D2AAA27BFC91700862B47 /* UserListTableCellViewModel.swift */; };
		EA1D2AAD27BFCA3F00862B47 /* UserListViewModel.swift in Sources */ = {isa = PBXBuildFile; fileRef = EA1D2AAC27BFCA3F00862B47 /* UserListViewModel.swift */; };
		EA1D2AB027BFCA8500862B47 /* User.swift in Sources */ = {isa = PBXBuildFile; fileRef = EA1D2AAF27BFCA8500862B47 /* User.swift */; };
		EA880C1A27BFE95F00785661 /* Decoder+Decode.swift in Sources */ = {isa = PBXBuildFile; fileRef = EA880C1927BFE95F00785661 /* Decoder+Decode.swift */; };
		EA880C1C27BFF27100785661 /* UIViewController+ShowAlert.swift in Sources */ = {isa = PBXBuildFile; fileRef = EA880C1B27BFF27100785661 /* UIViewController+ShowAlert.swift */; };
		EA909B9E27C07C0C00467D81 /* UserProfileViewModel.swift in Sources */ = {isa = PBXBuildFile; fileRef = EA909B9D27C07C0C00467D81 /* UserProfileViewModel.swift */; };
		EA909BA227C07D4500467D81 /* AboutUserTableCell.swift in Sources */ = {isa = PBXBuildFile; fileRef = EA909BA027C07D4500467D81 /* AboutUserTableCell.swift */; };
		EA909BA327C07D4500467D81 /* AboutUserTableCell.xib in Resources */ = {isa = PBXBuildFile; fileRef = EA909BA127C07D4500467D81 /* AboutUserTableCell.xib */; };
		EA909BA827C07D7E00467D81 /* UserStatsTableCell.swift in Sources */ = {isa = PBXBuildFile; fileRef = EA909BA627C07D7E00467D81 /* UserStatsTableCell.swift */; };
		EA909BA927C07D7E00467D81 /* UserStatsTableCell.xib in Resources */ = {isa = PBXBuildFile; fileRef = EA909BA727C07D7E00467D81 /* UserStatsTableCell.xib */; };
		EA909BAB27C0856900467D81 /* AboutUserTableCellViewModel.swift in Sources */ = {isa = PBXBuildFile; fileRef = EA909BAA27C0856900467D81 /* AboutUserTableCellViewModel.swift */; };
		EA909BAD27C0857400467D81 /* UserStatsTableCellViewModel.swift in Sources */ = {isa = PBXBuildFile; fileRef = EA909BAC27C0857400467D81 /* UserStatsTableCellViewModel.swift */; };
		EA909BB227C0ACD000467D81 /* DBHelper.swift in Sources */ = {isa = PBXBuildFile; fileRef = EA909BB127C0ACD000467D81 /* DBHelper.swift */; };
		EA909BB527C0EF6200467D81 /* ImageManager.swift in Sources */ = {isa = PBXBuildFile; fileRef = EA909BB427C0EF6200467D81 /* ImageManager.swift */; };
		EA909BB827C105BB00467D81 /* RequiredTaskTests.swift in Sources */ = {isa = PBXBuildFile; fileRef = EA909BB727C105BB00467D81 /* RequiredTaskTests.swift */; };
		EA909BBE27C1079800467D81 /* DataExt.swift in Sources */ = {isa = PBXBuildFile; fileRef = EA909BBD27C1079800467D81 /* DataExt.swift */; };
		EA909BC027C11D8C00467D81 /* UserProfileResult.json in Resources */ = {isa = PBXBuildFile; fileRef = EA909BBF27C107C500467D81 /* UserProfileResult.json */; };
		EAA3073D27BFD9BB00BC52FA /* GetUserAPI.swift in Sources */ = {isa = PBXBuildFile; fileRef = EAA3073C27BFD9BB00BC52FA /* GetUserAPI.swift */; };
		EAA3073F27BFD9C700BC52FA /* GetDetailAPI.swift in Sources */ = {isa = PBXBuildFile; fileRef = EAA3073E27BFD9C700BC52FA /* GetDetailAPI.swift */; };
		EAA3074127BFDAC300BC52FA /* ApiManager.swift in Sources */ = {isa = PBXBuildFile; fileRef = EAA3074027BFDAC300BC52FA /* ApiManager.swift */; };
/* End PBXBuildFile section */

/* Begin PBXContainerItemProxy section */
		EA1D2A7F27BFB79C00862B47 /* PBXContainerItemProxy */ = {
			isa = PBXContainerItemProxy;
			containerPortal = EA1D2A6027BFB79800862B47 /* Project object */;
			proxyType = 1;
			remoteGlobalIDString = EA1D2A6727BFB79800862B47;
			remoteInfo = NALS_Test;
		};
/* End PBXContainerItemProxy section */

/* Begin PBXFileReference section */
		041A3AAE9EF5AE336DD03AD9 /* Pods-NALS_Test.release.xcconfig */ = {isa = PBXFileReference; includeInIndex = 1; lastKnownFileType = text.xcconfig; name = "Pods-NALS_Test.release.xcconfig"; path = "Target Support Files/Pods-NALS_Test/Pods-NALS_Test.release.xcconfig"; sourceTree = "<group>"; };
		0AE0728EE060C4BC0BCF3AE5 /* Pods-NALS_TestUITests.release.xcconfig */ = {isa = PBXFileReference; includeInIndex = 1; lastKnownFileType = text.xcconfig; name = "Pods-NALS_TestUITests.release.xcconfig"; path = "Target Support Files/Pods-NALS_TestUITests/Pods-NALS_TestUITests.release.xcconfig"; sourceTree = "<group>"; };
		9989BE6E3B4B973E3C133A05 /* libPods-NALS_TestUITests.a */ = {isa = PBXFileReference; explicitFileType = archive.ar; includeInIndex = 0; path = "libPods-NALS_TestUITests.a"; sourceTree = BUILT_PRODUCTS_DIR; };
		9E6E43EB83C67AFD69FD8251 /* Pods-NALS_TestUITests.debug.xcconfig */ = {isa = PBXFileReference; includeInIndex = 1; lastKnownFileType = text.xcconfig; name = "Pods-NALS_TestUITests.debug.xcconfig"; path = "Target Support Files/Pods-NALS_TestUITests/Pods-NALS_TestUITests.debug.xcconfig"; sourceTree = "<group>"; };
		B20002D87A9009E7F65EE1ED /* Pods_NALS_Test.framework */ = {isa = PBXFileReference; explicitFileType = wrapper.framework; includeInIndex = 0; path = Pods_NALS_Test.framework; sourceTree = BUILT_PRODUCTS_DIR; };
		B4B171B124070C89485D9F11 /* Pods-NALS_Test.debug.xcconfig */ = {isa = PBXFileReference; includeInIndex = 1; lastKnownFileType = text.xcconfig; name = "Pods-NALS_Test.debug.xcconfig"; path = "Target Support Files/Pods-NALS_Test/Pods-NALS_Test.debug.xcconfig"; sourceTree = "<group>"; };
		BC0E11E14424B9AE5A230925 /* Pods-NALS_TestTests.release.xcconfig */ = {isa = PBXFileReference; includeInIndex = 1; lastKnownFileType = text.xcconfig; name = "Pods-NALS_TestTests.release.xcconfig"; path = "Target Support Files/Pods-NALS_TestTests/Pods-NALS_TestTests.release.xcconfig"; sourceTree = "<group>"; };
		D0C30480F75BB1672D781BBF /* Pods_NALS_TestTests.framework */ = {isa = PBXFileReference; explicitFileType = wrapper.framework; includeInIndex = 0; path = Pods_NALS_TestTests.framework; sourceTree = BUILT_PRODUCTS_DIR; };
		EA1D2A6827BFB79800862B47 /* NALS_Test.app */ = {isa = PBXFileReference; explicitFileType = wrapper.application; includeInIndex = 0; path = NALS_Test.app; sourceTree = BUILT_PRODUCTS_DIR; };
		EA1D2A6B27BFB79800862B47 /* AppDelegate.swift */ = {isa = PBXFileReference; lastKnownFileType = sourcecode.swift; path = AppDelegate.swift; sourceTree = "<group>"; };
		EA1D2A7427BFB79B00862B47 /* Assets.xcassets */ = {isa = PBXFileReference; lastKnownFileType = folder.assetcatalog; path = Assets.xcassets; sourceTree = "<group>"; };
		EA1D2A7727BFB79B00862B47 /* Base */ = {isa = PBXFileReference; lastKnownFileType = file.storyboard; name = Base; path = Base.lproj/LaunchScreen.storyboard; sourceTree = "<group>"; };
		EA1D2A7927BFB79B00862B47 /* Info.plist */ = {isa = PBXFileReference; lastKnownFileType = text.plist.xml; path = Info.plist; sourceTree = "<group>"; };
		EA1D2A7E27BFB79C00862B47 /* NALS_TestTests.xctest */ = {isa = PBXFileReference; explicitFileType = wrapper.cfbundle; includeInIndex = 0; path = NALS_TestTests.xctest; sourceTree = BUILT_PRODUCTS_DIR; };
		EA1D2A9D27BFB8E700862B47 /* UserListViewController.swift */ = {isa = PBXFileReference; lastKnownFileType = sourcecode.swift; path = UserListViewController.swift; sourceTree = "<group>"; };
		EA1D2A9E27BFB8E700862B47 /* UserListViewController.xib */ = {isa = PBXFileReference; lastKnownFileType = file.xib; path = UserListViewController.xib; sourceTree = "<group>"; };
		EA1D2AA127BFB8F700862B47 /* UserProfileViewController.swift */ = {isa = PBXFileReference; lastKnownFileType = sourcecode.swift; path = UserProfileViewController.swift; sourceTree = "<group>"; };
		EA1D2AA227BFB8F700862B47 /* UserProfileViewController.xib */ = {isa = PBXFileReference; lastKnownFileType = file.xib; path = UserProfileViewController.xib; sourceTree = "<group>"; };
		EA1D2AA627BFC64F00862B47 /* UserListTableCell.swift */ = {isa = PBXFileReference; lastKnownFileType = sourcecode.swift; path = UserListTableCell.swift; sourceTree = "<group>"; };
		EA1D2AA727BFC64F00862B47 /* UserListTableCell.xib */ = {isa = PBXFileReference; lastKnownFileType = file.xib; path = UserListTableCell.xib; sourceTree = "<group>"; };
		EA1D2AAA27BFC91700862B47 /* UserListTableCellViewModel.swift */ = {isa = PBXFileReference; lastKnownFileType = sourcecode.swift; path = UserListTableCellViewModel.swift; sourceTree = "<group>"; };
		EA1D2AAC27BFCA3F00862B47 /* UserListViewModel.swift */ = {isa = PBXFileReference; lastKnownFileType = sourcecode.swift; path = UserListViewModel.swift; sourceTree = "<group>"; };
		EA1D2AAF27BFCA8500862B47 /* User.swift */ = {isa = PBXFileReference; lastKnownFileType = sourcecode.swift; path = User.swift; sourceTree = "<group>"; };
		EA880C1927BFE95F00785661 /* Decoder+Decode.swift */ = {isa = PBXFileReference; lastKnownFileType = sourcecode.swift; path = "Decoder+Decode.swift"; sourceTree = "<group>"; };
		EA880C1B27BFF27100785661 /* UIViewController+ShowAlert.swift */ = {isa = PBXFileReference; lastKnownFileType = sourcecode.swift; path = "UIViewController+ShowAlert.swift"; sourceTree = "<group>"; };
		EA909B9D27C07C0C00467D81 /* UserProfileViewModel.swift */ = {isa = PBXFileReference; lastKnownFileType = sourcecode.swift; path = UserProfileViewModel.swift; sourceTree = "<group>"; };
		EA909BA027C07D4500467D81 /* AboutUserTableCell.swift */ = {isa = PBXFileReference; lastKnownFileType = sourcecode.swift; path = AboutUserTableCell.swift; sourceTree = "<group>"; };
		EA909BA127C07D4500467D81 /* AboutUserTableCell.xib */ = {isa = PBXFileReference; lastKnownFileType = file.xib; path = AboutUserTableCell.xib; sourceTree = "<group>"; };
		EA909BA627C07D7E00467D81 /* UserStatsTableCell.swift */ = {isa = PBXFileReference; lastKnownFileType = sourcecode.swift; path = UserStatsTableCell.swift; sourceTree = "<group>"; };
		EA909BA727C07D7E00467D81 /* UserStatsTableCell.xib */ = {isa = PBXFileReference; lastKnownFileType = file.xib; path = UserStatsTableCell.xib; sourceTree = "<group>"; };
		EA909BAA27C0856900467D81 /* AboutUserTableCellViewModel.swift */ = {isa = PBXFileReference; lastKnownFileType = sourcecode.swift; path = AboutUserTableCellViewModel.swift; sourceTree = "<group>"; };
		EA909BAC27C0857400467D81 /* UserStatsTableCellViewModel.swift */ = {isa = PBXFileReference; lastKnownFileType = sourcecode.swift; path = UserStatsTableCellViewModel.swift; sourceTree = "<group>"; };
		EA909BB127C0ACD000467D81 /* DBHelper.swift */ = {isa = PBXFileReference; lastKnownFileType = sourcecode.swift; path = DBHelper.swift; sourceTree = "<group>"; };
		EA909BB427C0EF6200467D81 /* ImageManager.swift */ = {isa = PBXFileReference; lastKnownFileType = sourcecode.swift; path = ImageManager.swift; sourceTree = "<group>"; };
		EA909BB727C105BB00467D81 /* RequiredTaskTests.swift */ = {isa = PBXFileReference; lastKnownFileType = sourcecode.swift; path = RequiredTaskTests.swift; sourceTree = "<group>"; };
		EA909BBD27C1079800467D81 /* DataExt.swift */ = {isa = PBXFileReference; lastKnownFileType = sourcecode.swift; path = DataExt.swift; sourceTree = "<group>"; };
		EA909BBF27C107C500467D81 /* UserProfileResult.json */ = {isa = PBXFileReference; lastKnownFileType = text.json; path = UserProfileResult.json; sourceTree = "<group>"; };
		EAA3073C27BFD9BB00BC52FA /* GetUserAPI.swift */ = {isa = PBXFileReference; lastKnownFileType = sourcecode.swift; path = GetUserAPI.swift; sourceTree = "<group>"; };
		EAA3073E27BFD9C700BC52FA /* GetDetailAPI.swift */ = {isa = PBXFileReference; lastKnownFileType = sourcecode.swift; path = GetDetailAPI.swift; sourceTree = "<group>"; };
		EAA3074027BFDAC300BC52FA /* ApiManager.swift */ = {isa = PBXFileReference; lastKnownFileType = sourcecode.swift; path = ApiManager.swift; sourceTree = "<group>"; };
		EFC05F04A3F8231D8ADD59BD /* Pods-NALS_TestTests.debug.xcconfig */ = {isa = PBXFileReference; includeInIndex = 1; lastKnownFileType = text.xcconfig; name = "Pods-NALS_TestTests.debug.xcconfig"; path = "Target Support Files/Pods-NALS_TestTests/Pods-NALS_TestTests.debug.xcconfig"; sourceTree = "<group>"; };
/* End PBXFileReference section */

/* Begin PBXFrameworksBuildPhase section */
		EA1D2A6527BFB79800862B47 /* Frameworks */ = {
			isa = PBXFrameworksBuildPhase;
			buildActionMask = 2147483647;
			files = (
				A93087B6244B53E55363F691 /* Pods_NALS_Test.framework in Frameworks */,
			);
			runOnlyForDeploymentPostprocessing = 0;
		};
		EA1D2A7B27BFB79C00862B47 /* Frameworks */ = {
			isa = PBXFrameworksBuildPhase;
			buildActionMask = 2147483647;
			files = (
				2BDCE813BC33C636FBFBCF8F /* Pods_NALS_TestTests.framework in Frameworks */,
			);
			runOnlyForDeploymentPostprocessing = 0;
		};
/* End PBXFrameworksBuildPhase section */

/* Begin PBXGroup section */
		07F511DA9057ACEE2ADA56FA /* Pods */ = {
			isa = PBXGroup;
			children = (
				B4B171B124070C89485D9F11 /* Pods-NALS_Test.debug.xcconfig */,
				041A3AAE9EF5AE336DD03AD9 /* Pods-NALS_Test.release.xcconfig */,
				EFC05F04A3F8231D8ADD59BD /* Pods-NALS_TestTests.debug.xcconfig */,
				BC0E11E14424B9AE5A230925 /* Pods-NALS_TestTests.release.xcconfig */,
				9E6E43EB83C67AFD69FD8251 /* Pods-NALS_TestUITests.debug.xcconfig */,
				0AE0728EE060C4BC0BCF3AE5 /* Pods-NALS_TestUITests.release.xcconfig */,
			);
			path = Pods;
			sourceTree = "<group>";
		};
		A8783468C8D13FD9C0322BDF /* Frameworks */ = {
			isa = PBXGroup;
			children = (
				B20002D87A9009E7F65EE1ED /* Pods_NALS_Test.framework */,
				9989BE6E3B4B973E3C133A05 /* libPods-NALS_TestUITests.a */,
				D0C30480F75BB1672D781BBF /* Pods_NALS_TestTests.framework */,
			);
			name = Frameworks;
			sourceTree = "<group>";
		};
		EA1D2A5F27BFB79800862B47 = {
			isa = PBXGroup;
			children = (
				EA1D2A6A27BFB79800862B47 /* NALS_Test */,
				EA1D2A8127BFB79C00862B47 /* NALS_TestTests */,
				EA1D2A6927BFB79800862B47 /* Products */,
				07F511DA9057ACEE2ADA56FA /* Pods */,
				A8783468C8D13FD9C0322BDF /* Frameworks */,
			);
			sourceTree = "<group>";
		};
		EA1D2A6927BFB79800862B47 /* Products */ = {
			isa = PBXGroup;
			children = (
				EA1D2A6827BFB79800862B47 /* NALS_Test.app */,
				EA1D2A7E27BFB79C00862B47 /* NALS_TestTests.xctest */,
			);
			name = Products;
			sourceTree = "<group>";
		};
		EA1D2A6A27BFB79800862B47 /* NALS_Test */ = {
			isa = PBXGroup;
			children = (
				EA909BB327C0EF5400467D81 /* Manager */,
				EA909BB027C0AAEC00467D81 /* DB */,
				EAA3073927BFD78900BC52FA /* API */,
				EA1D2AB127BFD04600862B47 /* Library */,
				EA1D2AAE27BFCA7500862B47 /* Model */,
				EA1D2A9C27BFB87900862B47 /* Profile */,
				EA1D2A9B27BFB85E00862B47 /* UserList */,
				EA1D2A6B27BFB79800862B47 /* AppDelegate.swift */,
				EA1D2A7427BFB79B00862B47 /* Assets.xcassets */,
				EA1D2A7627BFB79B00862B47 /* LaunchScreen.storyboard */,
				EA1D2A7927BFB79B00862B47 /* Info.plist */,
			);
			path = NALS_Test;
			sourceTree = "<group>";
		};
		EA1D2A8127BFB79C00862B47 /* NALS_TestTests */ = {
			isa = PBXGroup;
			children = (
				EA909BBA27C1075100467D81 /* Helper */,
				EA909BB927C1063C00467D81 /* Response */,
				EA909BB727C105BB00467D81 /* RequiredTaskTests.swift */,
			);
			path = NALS_TestTests;
			sourceTree = "<group>";
		};
		EA1D2A9B27BFB85E00862B47 /* UserList */ = {
			isa = PBXGroup;
			children = (
				EA1D2AA527BFC63100862B47 /* Cell */,
				EA1D2A9D27BFB8E700862B47 /* UserListViewController.swift */,
				EA1D2A9E27BFB8E700862B47 /* UserListViewController.xib */,
				EA1D2AAC27BFCA3F00862B47 /* UserListViewModel.swift */,
			);
			path = UserList;
			sourceTree = "<group>";
		};
		EA1D2A9C27BFB87900862B47 /* Profile */ = {
			isa = PBXGroup;
			children = (
				EA909B9F27C07D2600467D81 /* Cell */,
				EA1D2AA127BFB8F700862B47 /* UserProfileViewController.swift */,
				EA1D2AA227BFB8F700862B47 /* UserProfileViewController.xib */,
				EA909B9D27C07C0C00467D81 /* UserProfileViewModel.swift */,
			);
			path = Profile;
			sourceTree = "<group>";
		};
		EA1D2AA527BFC63100862B47 /* Cell */ = {
			isa = PBXGroup;
			children = (
				EA1D2AA627BFC64F00862B47 /* UserListTableCell.swift */,
				EA1D2AA727BFC64F00862B47 /* UserListTableCell.xib */,
				EA1D2AAA27BFC91700862B47 /* UserListTableCellViewModel.swift */,
			);
			path = Cell;
			sourceTree = "<group>";
		};
		EA1D2AAE27BFCA7500862B47 /* Model */ = {
			isa = PBXGroup;
			children = (
				EA1D2AAF27BFCA8500862B47 /* User.swift */,
			);
			path = Model;
			sourceTree = "<group>";
		};
		EA1D2AB127BFD04600862B47 /* Library */ = {
			isa = PBXGroup;
			children = (
				EA880C1927BFE95F00785661 /* Decoder+Decode.swift */,
				EA880C1B27BFF27100785661 /* UIViewController+ShowAlert.swift */,
			);
			path = Library;
			sourceTree = "<group>";
		};
		EA909B9F27C07D2600467D81 /* Cell */ = {
			isa = PBXGroup;
			children = (
				EA909BA527C07D6300467D81 /* StatsCell */,
				EA909BA427C07D4C00467D81 /* AboutCell */,
			);
			path = Cell;
			sourceTree = "<group>";
		};
		EA909BA427C07D4C00467D81 /* AboutCell */ = {
			isa = PBXGroup;
			children = (
				EA909BA027C07D4500467D81 /* AboutUserTableCell.swift */,
				EA909BA127C07D4500467D81 /* AboutUserTableCell.xib */,
				EA909BAA27C0856900467D81 /* AboutUserTableCellViewModel.swift */,
			);
			path = AboutCell;
			sourceTree = "<group>";
		};
		EA909BA527C07D6300467D81 /* StatsCell */ = {
			isa = PBXGroup;
			children = (
				EA909BA627C07D7E00467D81 /* UserStatsTableCell.swift */,
				EA909BA727C07D7E00467D81 /* UserStatsTableCell.xib */,
				EA909BAC27C0857400467D81 /* UserStatsTableCellViewModel.swift */,
			);
			path = StatsCell;
			sourceTree = "<group>";
		};
		EA909BB027C0AAEC00467D81 /* DB */ = {
			isa = PBXGroup;
			children = (
				EA909BB127C0ACD000467D81 /* DBHelper.swift */,
			);
			path = DB;
			sourceTree = "<group>";
		};
		EA909BB327C0EF5400467D81 /* Manager */ = {
			isa = PBXGroup;
			children = (
				EA909BB427C0EF6200467D81 /* ImageManager.swift */,
			);
			path = Manager;
			sourceTree = "<group>";
		};
		EA909BB927C1063C00467D81 /* Response */ = {
			isa = PBXGroup;
			children = (
				EA909BBF27C107C500467D81 /* UserProfileResult.json */,
			);
			path = Response;
			sourceTree = "<group>";
		};
		EA909BBA27C1075100467D81 /* Helper */ = {
			isa = PBXGroup;
			children = (
				EA909BBD27C1079800467D81 /* DataExt.swift */,
			);
			path = Helper;
			sourceTree = "<group>";
		};
		EAA3073927BFD78900BC52FA /* API */ = {
			isa = PBXGroup;
			children = (
				EAA3073C27BFD9BB00BC52FA /* GetUserAPI.swift */,
				EAA3073E27BFD9C700BC52FA /* GetDetailAPI.swift */,
				EAA3074027BFDAC300BC52FA /* ApiManager.swift */,
			);
			path = API;
			sourceTree = "<group>";
		};
/* End PBXGroup section */

/* Begin PBXNativeTarget section */
		EA1D2A6727BFB79800862B47 /* NALS_Test */ = {
			isa = PBXNativeTarget;
			buildConfigurationList = EA1D2A9227BFB79C00862B47 /* Build configuration list for PBXNativeTarget "NALS_Test" */;
			buildPhases = (
				8CA42FA0C0A776686D80B5C0 /* [CP] Check Pods Manifest.lock */,
				EA1D2A6427BFB79800862B47 /* Sources */,
				EA1D2A6527BFB79800862B47 /* Frameworks */,
				EA1D2A6627BFB79800862B47 /* Resources */,
				D065DED2E970B65B9FF3B2B4 /* [CP] Embed Pods Frameworks */,
			);
			buildRules = (
			);
			dependencies = (
			);
			name = NALS_Test;
			productName = NALS_Test;
			productReference = EA1D2A6827BFB79800862B47 /* NALS_Test.app */;
			productType = "com.apple.product-type.application";
		};
		EA1D2A7D27BFB79C00862B47 /* NALS_TestTests */ = {
			isa = PBXNativeTarget;
			buildConfigurationList = EA1D2A9527BFB79C00862B47 /* Build configuration list for PBXNativeTarget "NALS_TestTests" */;
			buildPhases = (
				6176DBD568565FDC0FBF457E /* [CP] Check Pods Manifest.lock */,
				EA1D2A7A27BFB79C00862B47 /* Sources */,
				EA1D2A7B27BFB79C00862B47 /* Frameworks */,
				EA1D2A7C27BFB79C00862B47 /* Resources */,
				E04798EBA437D495B6B57078 /* [CP] Embed Pods Frameworks */,
			);
			buildRules = (
			);
			dependencies = (
				EA1D2A8027BFB79C00862B47 /* PBXTargetDependency */,
			);
			name = NALS_TestTests;
			productName = NALS_TestTests;
			productReference = EA1D2A7E27BFB79C00862B47 /* NALS_TestTests.xctest */;
			productType = "com.apple.product-type.bundle.unit-test";
		};
/* End PBXNativeTarget section */

/* Begin PBXProject section */
		EA1D2A6027BFB79800862B47 /* Project object */ = {
			isa = PBXProject;
			attributes = {
				BuildIndependentTargetsInParallel = 1;
				LastSwiftUpdateCheck = 1310;
				LastUpgradeCheck = 1310;
				TargetAttributes = {
					EA1D2A6727BFB79800862B47 = {
						CreatedOnToolsVersion = 13.1;
					};
					EA1D2A7D27BFB79C00862B47 = {
						CreatedOnToolsVersion = 13.1;
						TestTargetID = EA1D2A6727BFB79800862B47;
					};
				};
			};
			buildConfigurationList = EA1D2A6327BFB79800862B47 /* Build configuration list for PBXProject "NALS_Test" */;
			compatibilityVersion = "Xcode 13.0";
			developmentRegion = en;
			hasScannedForEncodings = 0;
			knownRegions = (
				en,
				Base,
			);
			mainGroup = EA1D2A5F27BFB79800862B47;
			productRefGroup = EA1D2A6927BFB79800862B47 /* Products */;
			projectDirPath = "";
			projectRoot = "";
			targets = (
				EA1D2A6727BFB79800862B47 /* NALS_Test */,
				EA1D2A7D27BFB79C00862B47 /* NALS_TestTests */,
			);
		};
/* End PBXProject section */

/* Begin PBXResourcesBuildPhase section */
		EA1D2A6627BFB79800862B47 /* Resources */ = {
			isa = PBXResourcesBuildPhase;
			buildActionMask = 2147483647;
			files = (
				EA909BA927C07D7E00467D81 /* UserStatsTableCell.xib in Resources */,
				EA1D2A7827BFB79B00862B47 /* LaunchScreen.storyboard in Resources */,
				EA1D2AA027BFB8E700862B47 /* UserListViewController.xib in Resources */,
				EA1D2AA927BFC64F00862B47 /* UserListTableCell.xib in Resources */,
				EA1D2AA427BFB8F700862B47 /* UserProfileViewController.xib in Resources */,
				EA1D2A7527BFB79B00862B47 /* Assets.xcassets in Resources */,
				EA909BA327C07D4500467D81 /* AboutUserTableCell.xib in Resources */,
			);
			runOnlyForDeploymentPostprocessing = 0;
		};
		EA1D2A7C27BFB79C00862B47 /* Resources */ = {
			isa = PBXResourcesBuildPhase;
			buildActionMask = 2147483647;
			files = (
				EA909BC027C11D8C00467D81 /* UserProfileResult.json in Resources */,
			);
			runOnlyForDeploymentPostprocessing = 0;
		};
/* End PBXResourcesBuildPhase section */

/* Begin PBXShellScriptBuildPhase section */
		6176DBD568565FDC0FBF457E /* [CP] Check Pods Manifest.lock */ = {
			isa = PBXShellScriptBuildPhase;
			buildActionMask = 2147483647;
			files = (
			);
			inputFileListPaths = (
			);
			inputPaths = (
				"${PODS_PODFILE_DIR_PATH}/Podfile.lock",
				"${PODS_ROOT}/Manifest.lock",
			);
			name = "[CP] Check Pods Manifest.lock";
			outputFileListPaths = (
			);
			outputPaths = (
				"$(DERIVED_FILE_DIR)/Pods-NALS_TestTests-checkManifestLockResult.txt",
			);
			runOnlyForDeploymentPostprocessing = 0;
			shellPath = /bin/sh;
			shellScript = "diff \"${PODS_PODFILE_DIR_PATH}/Podfile.lock\" \"${PODS_ROOT}/Manifest.lock\" > /dev/null\nif [ $? != 0 ] ; then\n    # print error to STDERR\n    echo \"error: The sandbox is not in sync with the Podfile.lock. Run 'pod install' or update your CocoaPods installation.\" >&2\n    exit 1\nfi\n# This output is used by Xcode 'outputs' to avoid re-running this script phase.\necho \"SUCCESS\" > \"${SCRIPT_OUTPUT_FILE_0}\"\n";
			showEnvVarsInLog = 0;
		};
		8CA42FA0C0A776686D80B5C0 /* [CP] Check Pods Manifest.lock */ = {
			isa = PBXShellScriptBuildPhase;
			buildActionMask = 2147483647;
			files = (
			);
			inputFileListPaths = (
			);
			inputPaths = (
				"${PODS_PODFILE_DIR_PATH}/Podfile.lock",
				"${PODS_ROOT}/Manifest.lock",
			);
			name = "[CP] Check Pods Manifest.lock";
			outputFileListPaths = (
			);
			outputPaths = (
				"$(DERIVED_FILE_DIR)/Pods-NALS_Test-checkManifestLockResult.txt",
			);
			runOnlyForDeploymentPostprocessing = 0;
			shellPath = /bin/sh;
			shellScript = "diff \"${PODS_PODFILE_DIR_PATH}/Podfile.lock\" \"${PODS_ROOT}/Manifest.lock\" > /dev/null\nif [ $? != 0 ] ; then\n    # print error to STDERR\n    echo \"error: The sandbox is not in sync with the Podfile.lock. Run 'pod install' or update your CocoaPods installation.\" >&2\n    exit 1\nfi\n# This output is used by Xcode 'outputs' to avoid re-running this script phase.\necho \"SUCCESS\" > \"${SCRIPT_OUTPUT_FILE_0}\"\n";
			showEnvVarsInLog = 0;
		};
		D065DED2E970B65B9FF3B2B4 /* [CP] Embed Pods Frameworks */ = {
			isa = PBXShellScriptBuildPhase;
			buildActionMask = 2147483647;
			files = (
			);
			inputFileListPaths = (
				"${PODS_ROOT}/Target Support Files/Pods-NALS_Test/Pods-NALS_Test-frameworks-${CONFIGURATION}-input-files.xcfilelist",
			);
			name = "[CP] Embed Pods Frameworks";
			outputFileListPaths = (
				"${PODS_ROOT}/Target Support Files/Pods-NALS_Test/Pods-NALS_Test-frameworks-${CONFIGURATION}-output-files.xcfilelist",
			);
			runOnlyForDeploymentPostprocessing = 0;
			shellPath = /bin/sh;
			shellScript = "\"${PODS_ROOT}/Target Support Files/Pods-NALS_Test/Pods-NALS_Test-frameworks.sh\"\n";
			showEnvVarsInLog = 0;
		};
		E04798EBA437D495B6B57078 /* [CP] Embed Pods Frameworks */ = {
			isa = PBXShellScriptBuildPhase;
			buildActionMask = 2147483647;
			files = (
			);
			inputFileListPaths = (
				"${PODS_ROOT}/Target Support Files/Pods-NALS_TestTests/Pods-NALS_TestTests-frameworks-${CONFIGURATION}-input-files.xcfilelist",
			);
			name = "[CP] Embed Pods Frameworks";
			outputFileListPaths = (
				"${PODS_ROOT}/Target Support Files/Pods-NALS_TestTests/Pods-NALS_TestTests-frameworks-${CONFIGURATION}-output-files.xcfilelist",
			);
			runOnlyForDeploymentPostprocessing = 0;
			shellPath = /bin/sh;
			shellScript = "\"${PODS_ROOT}/Target Support Files/Pods-NALS_TestTests/Pods-NALS_TestTests-frameworks.sh\"\n";
			showEnvVarsInLog = 0;
		};
/* End PBXShellScriptBuildPhase section */

/* Begin PBXSourcesBuildPhase section */
		EA1D2A6427BFB79800862B47 /* Sources */ = {
			isa = PBXSourcesBuildPhase;
			buildActionMask = 2147483647;
			files = (
				EA1D2A6C27BFB79800862B47 /* AppDelegate.swift in Sources */,
				EA909B9E27C07C0C00467D81 /* UserProfileViewModel.swift in Sources */,
				EA909BB527C0EF6200467D81 /* ImageManager.swift in Sources */,
				EAA3073F27BFD9C700BC52FA /* GetDetailAPI.swift in Sources */,
				EA1D2AAD27BFCA3F00862B47 /* UserListViewModel.swift in Sources */,
				EA1D2AA827BFC64F00862B47 /* UserListTableCell.swift in Sources */,
				EAA3073D27BFD9BB00BC52FA /* GetUserAPI.swift in Sources */,
				EAA3074127BFDAC300BC52FA /* ApiManager.swift in Sources */,
				EA909BAB27C0856900467D81 /* AboutUserTableCellViewModel.swift in Sources */,
				EA880C1C27BFF27100785661 /* UIViewController+ShowAlert.swift in Sources */,
				EA909BA827C07D7E00467D81 /* UserStatsTableCell.swift in Sources */,
				EA1D2AAB27BFC91700862B47 /* UserListTableCellViewModel.swift in Sources */,
				EA1D2AA327BFB8F700862B47 /* UserProfileViewController.swift in Sources */,
				EA1D2A9F27BFB8E700862B47 /* UserListViewController.swift in Sources */,
				EA909BB227C0ACD000467D81 /* DBHelper.swift in Sources */,
				EA909BAD27C0857400467D81 /* UserStatsTableCellViewModel.swift in Sources */,
				EA880C1A27BFE95F00785661 /* Decoder+Decode.swift in Sources */,
				EA1D2AB027BFCA8500862B47 /* User.swift in Sources */,
				EA909BA227C07D4500467D81 /* AboutUserTableCell.swift in Sources */,
			);
			runOnlyForDeploymentPostprocessing = 0;
		};
		EA1D2A7A27BFB79C00862B47 /* Sources */ = {
			isa = PBXSourcesBuildPhase;
			buildActionMask = 2147483647;
			files = (
				EA909BBE27C1079800467D81 /* DataExt.swift in Sources */,
				EA909BB827C105BB00467D81 /* RequiredTaskTests.swift in Sources */,
			);
			runOnlyForDeploymentPostprocessing = 0;
		};
/* End PBXSourcesBuildPhase section */

/* Begin PBXTargetDependency section */
		EA1D2A8027BFB79C00862B47 /* PBXTargetDependency */ = {
			isa = PBXTargetDependency;
			target = EA1D2A6727BFB79800862B47 /* NALS_Test */;
			targetProxy = EA1D2A7F27BFB79C00862B47 /* PBXContainerItemProxy */;
		};
/* End PBXTargetDependency section */

/* Begin PBXVariantGroup section */
		EA1D2A7627BFB79B00862B47 /* LaunchScreen.storyboard */ = {
			isa = PBXVariantGroup;
			children = (
				EA1D2A7727BFB79B00862B47 /* Base */,
			);
			name = LaunchScreen.storyboard;
			sourceTree = "<group>";
		};
/* End PBXVariantGroup section */

/* Begin XCBuildConfiguration section */
		EA1D2A9027BFB79C00862B47 /* Debug */ = {
			isa = XCBuildConfiguration;
			buildSettings = {
				ALWAYS_SEARCH_USER_PATHS = NO;
				CLANG_ANALYZER_NONNULL = YES;
				CLANG_ANALYZER_NUMBER_OBJECT_CONVERSION = YES_AGGRESSIVE;
				CLANG_CXX_LANGUAGE_STANDARD = "gnu++17";
				CLANG_CXX_LIBRARY = "libc++";
				CLANG_ENABLE_MODULES = YES;
				CLANG_ENABLE_OBJC_ARC = YES;
				CLANG_ENABLE_OBJC_WEAK = YES;
				CLANG_WARN_BLOCK_CAPTURE_AUTORELEASING = YES;
				CLANG_WARN_BOOL_CONVERSION = YES;
				CLANG_WARN_COMMA = YES;
				CLANG_WARN_CONSTANT_CONVERSION = YES;
				CLANG_WARN_DEPRECATED_OBJC_IMPLEMENTATIONS = YES;
				CLANG_WARN_DIRECT_OBJC_ISA_USAGE = YES_ERROR;
				CLANG_WARN_DOCUMENTATION_COMMENTS = YES;
				CLANG_WARN_EMPTY_BODY = YES;
				CLANG_WARN_ENUM_CONVERSION = YES;
				CLANG_WARN_INFINITE_RECURSION = YES;
				CLANG_WARN_INT_CONVERSION = YES;
				CLANG_WARN_NON_LITERAL_NULL_CONVERSION = YES;
				CLANG_WARN_OBJC_IMPLICIT_RETAIN_SELF = YES;
				CLANG_WARN_OBJC_LITERAL_CONVERSION = YES;
				CLANG_WARN_OBJC_ROOT_CLASS = YES_ERROR;
				CLANG_WARN_QUOTED_INCLUDE_IN_FRAMEWORK_HEADER = YES;
				CLANG_WARN_RANGE_LOOP_ANALYSIS = YES;
				CLANG_WARN_STRICT_PROTOTYPES = YES;
				CLANG_WARN_SUSPICIOUS_MOVE = YES;
				CLANG_WARN_UNGUARDED_AVAILABILITY = YES_AGGRESSIVE;
				CLANG_WARN_UNREACHABLE_CODE = YES;
				CLANG_WARN__DUPLICATE_METHOD_MATCH = YES;
				COPY_PHASE_STRIP = NO;
				DEBUG_INFORMATION_FORMAT = dwarf;
				ENABLE_STRICT_OBJC_MSGSEND = YES;
				ENABLE_TESTABILITY = YES;
				GCC_C_LANGUAGE_STANDARD = gnu11;
				GCC_DYNAMIC_NO_PIC = NO;
				GCC_NO_COMMON_BLOCKS = YES;
				GCC_OPTIMIZATION_LEVEL = 0;
				GCC_PREPROCESSOR_DEFINITIONS = (
					"DEBUG=1",
					"$(inherited)",
				);
				GCC_WARN_64_TO_32_BIT_CONVERSION = YES;
				GCC_WARN_ABOUT_RETURN_TYPE = YES_ERROR;
				GCC_WARN_UNDECLARED_SELECTOR = YES;
				GCC_WARN_UNINITIALIZED_AUTOS = YES_AGGRESSIVE;
				GCC_WARN_UNUSED_FUNCTION = YES;
				GCC_WARN_UNUSED_VARIABLE = YES;
				IPHONEOS_DEPLOYMENT_TARGET = 13.4;
				MTL_ENABLE_DEBUG_INFO = INCLUDE_SOURCE;
				MTL_FAST_MATH = YES;
				ONLY_ACTIVE_ARCH = YES;
				SDKROOT = iphoneos;
				SWIFT_ACTIVE_COMPILATION_CONDITIONS = DEBUG;
				SWIFT_OPTIMIZATION_LEVEL = "-Onone";
			};
			name = Debug;
		};
		EA1D2A9127BFB79C00862B47 /* Release */ = {
			isa = XCBuildConfiguration;
			buildSettings = {
				ALWAYS_SEARCH_USER_PATHS = NO;
				CLANG_ANALYZER_NONNULL = YES;
				CLANG_ANALYZER_NUMBER_OBJECT_CONVERSION = YES_AGGRESSIVE;
				CLANG_CXX_LANGUAGE_STANDARD = "gnu++17";
				CLANG_CXX_LIBRARY = "libc++";
				CLANG_ENABLE_MODULES = YES;
				CLANG_ENABLE_OBJC_ARC = YES;
				CLANG_ENABLE_OBJC_WEAK = YES;
				CLANG_WARN_BLOCK_CAPTURE_AUTORELEASING = YES;
				CLANG_WARN_BOOL_CONVERSION = YES;
				CLANG_WARN_COMMA = YES;
				CLANG_WARN_CONSTANT_CONVERSION = YES;
				CLANG_WARN_DEPRECATED_OBJC_IMPLEMENTATIONS = YES;
				CLANG_WARN_DIRECT_OBJC_ISA_USAGE = YES_ERROR;
				CLANG_WARN_DOCUMENTATION_COMMENTS = YES;
				CLANG_WARN_EMPTY_BODY = YES;
				CLANG_WARN_ENUM_CONVERSION = YES;
				CLANG_WARN_INFINITE_RECURSION = YES;
				CLANG_WARN_INT_CONVERSION = YES;
				CLANG_WARN_NON_LITERAL_NULL_CONVERSION = YES;
				CLANG_WARN_OBJC_IMPLICIT_RETAIN_SELF = YES;
				CLANG_WARN_OBJC_LITERAL_CONVERSION = YES;
				CLANG_WARN_OBJC_ROOT_CLASS = YES_ERROR;
				CLANG_WARN_QUOTED_INCLUDE_IN_FRAMEWORK_HEADER = YES;
				CLANG_WARN_RANGE_LOOP_ANALYSIS = YES;
				CLANG_WARN_STRICT_PROTOTYPES = YES;
				CLANG_WARN_SUSPICIOUS_MOVE = YES;
				CLANG_WARN_UNGUARDED_AVAILABILITY = YES_AGGRESSIVE;
				CLANG_WARN_UNREACHABLE_CODE = YES;
				CLANG_WARN__DUPLICATE_METHOD_MATCH = YES;
				COPY_PHASE_STRIP = NO;
				DEBUG_INFORMATION_FORMAT = "dwarf-with-dsym";
				ENABLE_NS_ASSERTIONS = NO;
				ENABLE_STRICT_OBJC_MSGSEND = YES;
				GCC_C_LANGUAGE_STANDARD = gnu11;
				GCC_NO_COMMON_BLOCKS = YES;
				GCC_WARN_64_TO_32_BIT_CONVERSION = YES;
				GCC_WARN_ABOUT_RETURN_TYPE = YES_ERROR;
				GCC_WARN_UNDECLARED_SELECTOR = YES;
				GCC_WARN_UNINITIALIZED_AUTOS = YES_AGGRESSIVE;
				GCC_WARN_UNUSED_FUNCTION = YES;
				GCC_WARN_UNUSED_VARIABLE = YES;
				IPHONEOS_DEPLOYMENT_TARGET = 13.4;
				MTL_ENABLE_DEBUG_INFO = NO;
				MTL_FAST_MATH = YES;
				SDKROOT = iphoneos;
				SWIFT_COMPILATION_MODE = wholemodule;
				SWIFT_OPTIMIZATION_LEVEL = "-O";
				VALIDATE_PRODUCT = YES;
			};
			name = Release;
		};
		EA1D2A9327BFB79C00862B47 /* Debug */ = {
			isa = XCBuildConfiguration;
			baseConfigurationReference = B4B171B124070C89485D9F11 /* Pods-NALS_Test.debug.xcconfig */;
			buildSettings = {
				ASSETCATALOG_COMPILER_APPICON_NAME = AppIcon;
				ASSETCATALOG_COMPILER_GLOBAL_ACCENT_COLOR_NAME = AccentColor;
				CODE_SIGN_IDENTITY = "Apple Development";
				CODE_SIGN_STYLE = Automatic;
				CURRENT_PROJECT_VERSION = 1;
				DEVELOPMENT_TEAM = "";
				GENERATE_INFOPLIST_FILE = YES;
				INFOPLIST_FILE = NALS_Test/Info.plist;
				INFOPLIST_KEY_UIApplicationSupportsIndirectInputEvents = YES;
				INFOPLIST_KEY_UILaunchStoryboardName = LaunchScreen;
				INFOPLIST_KEY_UISupportedInterfaceOrientations_iPad = "UIInterfaceOrientationPortrait UIInterfaceOrientationPortraitUpsideDown UIInterfaceOrientationLandscapeLeft UIInterfaceOrientationLandscapeRight";
				INFOPLIST_KEY_UISupportedInterfaceOrientations_iPhone = "UIInterfaceOrientationPortrait UIInterfaceOrientationLandscapeLeft UIInterfaceOrientationLandscapeRight";
				LD_RUNPATH_SEARCH_PATHS = (
					"$(inherited)",
					"@executable_path/Frameworks",
				);
				MARKETING_VERSION = 1.0;
				PRODUCT_BUNDLE_IDENTIFIER = "com.thienluong.NALS-Test";
				PRODUCT_NAME = "$(TARGET_NAME)";
				PROVISIONING_PROFILE_SPECIFIER = "";
				SWIFT_EMIT_LOC_STRINGS = YES;
				SWIFT_VERSION = 5.0;
				TARGETED_DEVICE_FAMILY = "1,2";
			};
			name = Debug;
		};
		EA1D2A9427BFB79C00862B47 /* Release */ = {
			isa = XCBuildConfiguration;
			baseConfigurationReference = 041A3AAE9EF5AE336DD03AD9 /* Pods-NALS_Test.release.xcconfig */;
			buildSettings = {
				ASSETCATALOG_COMPILER_APPICON_NAME = AppIcon;
				ASSETCATALOG_COMPILER_GLOBAL_ACCENT_COLOR_NAME = AccentColor;
				CODE_SIGN_IDENTITY = "Apple Development";
				CODE_SIGN_STYLE = Automatic;
				CURRENT_PROJECT_VERSION = 1;
				DEVELOPMENT_TEAM = "";
				GENERATE_INFOPLIST_FILE = YES;
				INFOPLIST_FILE = NALS_Test/Info.plist;
				INFOPLIST_KEY_UIApplicationSupportsIndirectInputEvents = YES;
				INFOPLIST_KEY_UILaunchStoryboardName = LaunchScreen;
				INFOPLIST_KEY_UISupportedInterfaceOrientations_iPad = "UIInterfaceOrientationPortrait UIInterfaceOrientationPortraitUpsideDown UIInterfaceOrientationLandscapeLeft UIInterfaceOrientationLandscapeRight";
				INFOPLIST_KEY_UISupportedInterfaceOrientations_iPhone = "UIInterfaceOrientationPortrait UIInterfaceOrientationLandscapeLeft UIInterfaceOrientationLandscapeRight";
				LD_RUNPATH_SEARCH_PATHS = (
					"$(inherited)",
					"@executable_path/Frameworks",
				);
				MARKETING_VERSION = 1.0;
				PRODUCT_BUNDLE_IDENTIFIER = "com.thienluong.NALS-Test";
				PRODUCT_NAME = "$(TARGET_NAME)";
				PROVISIONING_PROFILE_SPECIFIER = "";
				SWIFT_EMIT_LOC_STRINGS = YES;
				SWIFT_VERSION = 5.0;
				TARGETED_DEVICE_FAMILY = "1,2";
			};
			name = Release;
		};
		EA1D2A9627BFB79C00862B47 /* Debug */ = {
			isa = XCBuildConfiguration;
			baseConfigurationReference = EFC05F04A3F8231D8ADD59BD /* Pods-NALS_TestTests.debug.xcconfig */;
			buildSettings = {
				ALWAYS_EMBED_SWIFT_STANDARD_LIBRARIES = YES;
				BUNDLE_LOADER = "$(BUILT_PRODUCTS_DIR)/NALS_Test.app/NALS_Test";
				"BUNDLE_LOADER[arch=*]" = "$(BUILT_PRODUCTS_DIR)/NALS_Test.app/NALS_Test";
				CODE_SIGN_STYLE = Automatic;
				CURRENT_PROJECT_VERSION = 1;
				GENERATE_INFOPLIST_FILE = YES;
				IPHONEOS_DEPLOYMENT_TARGET = 13.4;
				LD_RUNPATH_SEARCH_PATHS = (
					"$(inherited)",
					"@executable_path/Frameworks",
					"@loader_path/Frameworks",
				);
				MARKETING_VERSION = 1.0;
				PRODUCT_BUNDLE_IDENTIFIER = "com.thienluong.NALS-TestTests";
				PRODUCT_NAME = "$(TARGET_NAME)";
				SWIFT_EMIT_LOC_STRINGS = NO;
				SWIFT_VERSION = 5.0;
				TARGETED_DEVICE_FAMILY = "1,2";
				TEST_HOST = "$(BUNDLE_LOADER)";
			};
			name = Debug;
		};
		EA1D2A9727BFB79C00862B47 /* Release */ = {
			isa = XCBuildConfiguration;
			baseConfigurationReference = BC0E11E14424B9AE5A230925 /* Pods-NALS_TestTests.release.xcconfig */;
			buildSettings = {
				ALWAYS_EMBED_SWIFT_STANDARD_LIBRARIES = YES;
				BUNDLE_LOADER = "$(BUILT_PRODUCTS_DIR)/NALS_Test.app/NALS_Test";
				CODE_SIGN_STYLE = Automatic;
				CURRENT_PROJECT_VERSION = 1;
				GENERATE_INFOPLIST_FILE = YES;
				IPHONEOS_DEPLOYMENT_TARGET = 13.4;
				LD_RUNPATH_SEARCH_PATHS = (
					"$(inherited)",
					"@executable_path/Frameworks",
					"@loader_path/Frameworks",
				);
				MARKETING_VERSION = 1.0;
				PRODUCT_BUNDLE_IDENTIFIER = "com.thienluong.NALS-TestTests";
				PRODUCT_NAME = "$(TARGET_NAME)";
				SWIFT_EMIT_LOC_STRINGS = NO;
				SWIFT_VERSION = 5.0;
				TARGETED_DEVICE_FAMILY = "1,2";
				TEST_HOST = "$(BUNDLE_LOADER)";
			};
			name = Release;
		};
/* End XCBuildConfiguration section */

/* Begin XCConfigurationList section */
		EA1D2A6327BFB79800862B47 /* Build configuration list for PBXProject "NALS_Test" */ = {
			isa = XCConfigurationList;
			buildConfigurations = (
				EA1D2A9027BFB79C00862B47 /* Debug */,
				EA1D2A9127BFB79C00862B47 /* Release */,
			);
			defaultConfigurationIsVisible = 0;
			defaultConfigurationName = Release;
		};
		EA1D2A9227BFB79C00862B47 /* Build configuration list for PBXNativeTarget "NALS_Test" */ = {
			isa = XCConfigurationList;
			buildConfigurations = (
				EA1D2A9327BFB79C00862B47 /* Debug */,
				EA1D2A9427BFB79C00862B47 /* Release */,
			);
			defaultConfigurationIsVisible = 0;
			defaultConfigurationName = Release;
		};
		EA1D2A9527BFB79C00862B47 /* Build configuration list for PBXNativeTarget "NALS_TestTests" */ = {
			isa = XCConfigurationList;
			buildConfigurations = (
				EA1D2A9627BFB79C00862B47 /* Debug */,
				EA1D2A9727BFB79C00862B47 /* Release */,
			);
			defaultConfigurationIsVisible = 0;
			defaultConfigurationName = Release;
		};
/* End XCConfigurationList section */
	};
	rootObject = EA1D2A6027BFB79800862B47 /* Project object */;
}
